PODS:
  - Flutter (1.0.0)
  - flutter_dingtalk_sdk (0.0.1):
    - Flutter
    - flutter_dingtalk_sdk/vendor (= 0.0.1)
  - flutter_dingtalk_sdk/vendor (0.0.1):
    - Flutter

DEPENDENCIES:
  - Flutter (from `Flutter`)
  - flutter_dingtalk_sdk (from `.symlinks/plugins/flutter_dingtalk_sdk/ios`)

EXTERNAL SOURCES:
  Flutter:
    :path: Flutter
  flutter_dingtalk_sdk:
    :path: ".symlinks/plugins/flutter_dingtalk_sdk/ios"

SPEC CHECKSUMS:
  Flutter: e0871f40cf51350855a761d2e70bf5af5b9b5de7
  flutter_dingtalk_sdk: e54e3074989abc041fb7014e10eceb23577fbde0

PODFILE CHECKSUM: 8e679eca47255a8ca8067c4c67aab20e64cb974d

COCOAPODS: 1.15.2
